
Microsoft Visual Studio Solution File, Format Version 12.00
# Visual Studio Version 17
VisualStudioVersion = 17.5.33424.131
MinimumVisualStudioVersion = 10.0.40219.1
Project("{8BC9CEB8-8B4A-11D0-8D11-00A0C91BC942}") = "Quickshort_063", "Quickshort_063\Quickshort_063.vcxproj", "{3CEE58C8-8CE7-42A5-9B59-AAA42579903F}"
EndProject
Global
	GlobalSection(SolutionConfigurationPlatforms) = preSolution
		Debug|x64 = Debug|x64
		Debug|x86 = Debug|x86
		Release|x64 = Release|x64
		Release|x86 = Release|x86
	EndGlobalSection
	GlobalSection(ProjectConfigurationPlatforms) = postSolution
		{3CEE58C8-8CE7-42A5-9B59-AAA42579903F}.Debug|x64.ActiveCfg = Debug|x64
		{3CEE58C8-8CE7-42A5-9B59-AAA42579903F}.Debug|x64.Build.0 = Debug|x64
		{3CEE58C8-8CE7-42A5-9B59-AAA42579903F}.Debug|x86.ActiveCfg = Debug|Win32
		{3CEE58C8-8CE7-42A5-9B59-AAA42579903F}.Debug|x86.Build.0 = Debug|Win32
		{3CEE58C8-8CE7-42A5-9B59-AAA42579903F}.Release|x64.ActiveCfg = Release|x64
		{3CEE58C8-8CE7-42A5-9B59-AAA42579903F}.Release|x64.Build.0 = Release|x64
		{3CEE58C8-8CE7-42A5-9B59-AAA42579903F}.Release|x86.ActiveCfg = Release|Win32
		{3CEE58C8-8CE7-42A5-9B59-AAA42579903F}.Release|x86.Build.0 = Release|Win32
	EndGlobalSection
	GlobalSection(SolutionProperties) = preSolution
		HideSolutionNode = FALSE
	EndGlobalSection
	GlobalSection(ExtensibilityGlobals) = postSolution
		SolutionGuid = {82D9930A-09CB-4F57-B157-08520206DF8F}
	EndGlobalSection
EndGlobal
